
Microsoft Visual Studio Solution File, Format Version 12.00
# Visual Studio Version 17
VisualStudioVersion = 17.8.34525.116
MinimumVisualStudioVersion = 10.0.40219.1
Project("{FAE04EC0-301F-11D3-BF4B-00C04F79EFBC}") = "OOO_Sport_Product", "OOO_Sport_Product\OOO_Sport_Product.csproj", "{B6B71B4F-9412-4224-9E58-EA9E5DFDC4C5}"
EndProject
Global
	GlobalSection(SolutionConfigurationPlatforms) = preSolution
		Debug|Any CPU = Debug|Any CPU
		Release|Any CPU = Release|Any CPU
	EndGlobalSection
	GlobalSection(ProjectConfigurationPlatforms) = postSolution
		{B6B71B4F-9412-4224-9E58-EA9E5DFDC4C5}.Debug|Any CPU.ActiveCfg = Debug|Any CPU
		{B6B71B4F-9412-4224-9E58-EA9E5DFDC4C5}.Debug|Any CPU.Build.0 = Debug|Any CPU
		{B6B71B4F-9412-4224-9E58-EA9E5DFDC4C5}.Release|Any CPU.ActiveCfg = Release|Any CPU
		{B6B71B4F-9412-4224-9E58-EA9E5DFDC4C5}.Release|Any CPU.Build.0 = Release|Any CPU
	EndGlobalSection
	GlobalSection(SolutionProperties) = preSolution
		HideSolutionNode = FALSE
	EndGlobalSection
	GlobalSection(ExtensibilityGlobals) = postSolution
		SolutionGuid = {6B90CAD2-89F1-4CD6-B695-5A7A8563F46C}
	EndGlobalSection
EndGlobal
